
Microsoft Visual Studio Solution File, Format Version 12.00
# Visual Studio 15
VisualStudioVersion = 15.0.28010.2050
MinimumVisualStudioVersion = 10.0.40219.1
Project("{8BC9CEB8-8B4A-11D0-8D11-00A0C91BC942}") = "DirectX11", "DirectX11.vcxproj", "{2E96D238-4FB8-4DE4-ABB4-E7162277E6AC}"
EndProject
Project("{8BC9CEB8-8B4A-11D0-8D11-00A0C91BC942}") = "Tut05 texturing", "Tut05 texturing\Tut05 texturing.vcxproj", "{4A3E442A-A367-402B-88AA-245D45B57FFB}"
EndProject
Global
	GlobalSection(SolutionConfigurationPlatforms) = preSolution
		Debug|x64 = Debug|x64
		Debug|x86 = Debug|x86
		Release|x64 = Release|x64
		Release|x86 = Release|x86
	EndGlobalSection
	GlobalSection(ProjectConfigurationPlatforms) = postSolution
		{2E96D238-4FB8-4DE4-ABB4-E7162277E6AC}.Debug|x64.ActiveCfg = Debug|x64
		{2E96D238-4FB8-4DE4-ABB4-E7162277E6AC}.Debug|x64.Build.0 = Debug|x64
		{2E96D238-4FB8-4DE4-ABB4-E7162277E6AC}.Debug|x86.ActiveCfg = Debug|Win32
		{2E96D238-4FB8-4DE4-ABB4-E7162277E6AC}.Debug|x86.Build.0 = Debug|Win32
		{2E96D238-4FB8-4DE4-ABB4-E7162277E6AC}.Release|x64.ActiveCfg = Release|x64
		{2E96D238-4FB8-4DE4-ABB4-E7162277E6AC}.Release|x64.Build.0 = Release|x64
		{2E96D238-4FB8-4DE4-ABB4-E7162277E6AC}.Release|x86.ActiveCfg = Release|Win32
		{2E96D238-4FB8-4DE4-ABB4-E7162277E6AC}.Release|x86.Build.0 = Release|Win32
		{4A3E442A-A367-402B-88AA-245D45B57FFB}.Debug|x64.ActiveCfg = Debug|x64
		{4A3E442A-A367-402B-88AA-245D45B57FFB}.Debug|x64.Build.0 = Debug|x64
		{4A3E442A-A367-402B-88AA-245D45B57FFB}.Debug|x86.ActiveCfg = Debug|Win32
		{4A3E442A-A367-402B-88AA-245D45B57FFB}.Debug|x86.Build.0 = Debug|Win32
		{4A3E442A-A367-402B-88AA-245D45B57FFB}.Release|x64.ActiveCfg = Release|x64
		{4A3E442A-A367-402B-88AA-245D45B57FFB}.Release|x64.Build.0 = Release|x64
		{4A3E442A-A367-402B-88AA-245D45B57FFB}.Release|x86.ActiveCfg = Release|Win32
		{4A3E442A-A367-402B-88AA-245D45B57FFB}.Release|x86.Build.0 = Release|Win32
	EndGlobalSection
	GlobalSection(SolutionProperties) = preSolution
		HideSolutionNode = FALSE
	EndGlobalSection
	GlobalSection(ExtensibilityGlobals) = postSolution
		SolutionGuid = {35B95E02-C5D6-4CC0-B11D-8F64E209B49D}
	EndGlobalSection
EndGlobal
